
Microsoft Visual Studio Solution File, Format Version 12.00
# Visual Studio Version 16
VisualStudioVersion = 16.0.31727.386
MinimumVisualStudioVersion = 10.0.40219.1
Project("{9A19103F-16F7-4668-BE54-9A1E7A4F7556}") = "AKRYTN_HFT_2021221.Models", "AKRYTN_HFT_2021221.Models\AKRYTN_HFT_2021221.Models.csproj", "{E73473B8-3049-4B56-97A5-102E25AFE1C5}"
EndProject
Project("{9A19103F-16F7-4668-BE54-9A1E7A4F7556}") = "AKRYTN_HFT_2021221.Data", "AKRYTN_HFT_2021221.Data\AKRYTN_HFT_2021221.Data.csproj", "{CE1A5127-E319-41B6-A9BF-464A1F0BB38C}"
EndProject
Project("{9A19103F-16F7-4668-BE54-9A1E7A4F7556}") = "AKRYTN_HFT_2021221.Logic", "AKRYTN_HFT_2021221.Logic\AKRYTN_HFT_2021221.Logic.csproj", "{7E4CB5C3-2043-418A-B3E1-ADD8AB6A5CDF}"
EndProject
Project("{9A19103F-16F7-4668-BE54-9A1E7A4F7556}") = "AKRYTN_HFT_2021221.Repository", "AKRYTN_HFT_2021221.Repository\AKRYTN_HFT_2021221.Repository.csproj", "{8FD335E5-AE41-420F-B121-C14C7D219135}"
EndProject
Project("{9A19103F-16F7-4668-BE54-9A1E7A4F7556}") = "AKRYTN_HFT_2021221.Endpoint", "AKRYTN_HFT_2021221.Endpoint\AKRYTN_HFT_2021221.Endpoint.csproj", "{B24B1BD6-D514-40CA-8A5C-B3F7AA05A71A}"
EndProject
Project("{9A19103F-16F7-4668-BE54-9A1E7A4F7556}") = "AKRYTN_HFT_2021221.Test", "AKRYTN_HFT_2021221.Test\AKRYTN_HFT_2021221.Test.csproj", "{A09A5B02-5260-48B6-B47F-9F851C3D6AA2}"
EndProject
Project("{2150E333-8FDC-42A3-9474-1A3956D46DE8}") = "Backend", "Backend", "{46F1EEB5-808A-481C-9CEF-82549FF02D5D}"
EndProject
Project("{2150E333-8FDC-42A3-9474-1A3956D46DE8}") = "Frontend", "Frontend", "{587E9E16-F512-4709-A1AC-576FC79C4472}"
EndProject
Project("{2150E333-8FDC-42A3-9474-1A3956D46DE8}") = "Shared", "Shared", "{B00B383E-FC2D-43E2-87E2-B2A102717A7D}"
EndProject
Project("{2150E333-8FDC-42A3-9474-1A3956D46DE8}") = "Others", "Others", "{B4422E09-5E75-4CB9-B1D1-3A8D771C1EF2}"
	ProjectSection(SolutionItems) = preProject
		.gitignore = .gitignore
		ADT-projectwork-details.pdf = ADT-projectwork-details.pdf
		Database.png = Database.png
	EndProjectSection
EndProject
Project("{9A19103F-16F7-4668-BE54-9A1E7A4F7556}") = "AKRYTN_HFT_2021221.Client", "AKRYTN_HFT_2021221.Client\AKRYTN_HFT_2021221.Client.csproj", "{55D256A3-2783-4229-A80C-502AE01602B4}"
EndProject
Project("{9A19103F-16F7-4668-BE54-9A1E7A4F7556}") = "WpfClient", "WpfClient\WpfClient.csproj", "{6C9BBBFA-4C74-4E3C-87BE-03A42AF2AC34}"
EndProject
Project("{9A19103F-16F7-4668-BE54-9A1E7A4F7556}") = "AKRYTN_HFT-2021221.JSClient", "AKRYTN_HFT-2021221.JSClient\AKRYTN_HFT-2021221.JSClient.csproj", "{D34F6BBB-B6DF-47D4-B797-78838164DAD3}"
EndProject
Global
	GlobalSection(SolutionConfigurationPlatforms) = preSolution
		Debug|Any CPU = Debug|Any CPU
		Release|Any CPU = Release|Any CPU
	EndGlobalSection
	GlobalSection(ProjectConfigurationPlatforms) = postSolution
		{E73473B8-3049-4B56-97A5-102E25AFE1C5}.Debug|Any CPU.ActiveCfg = Debug|Any CPU
		{E73473B8-3049-4B56-97A5-102E25AFE1C5}.Debug|Any CPU.Build.0 = Debug|Any CPU
		{E73473B8-3049-4B56-97A5-102E25AFE1C5}.Release|Any CPU.ActiveCfg = Release|Any CPU
		{E73473B8-3049-4B56-97A5-102E25AFE1C5}.Release|Any CPU.Build.0 = Release|Any CPU
		{CE1A5127-E319-41B6-A9BF-464A1F0BB38C}.Debug|Any CPU.ActiveCfg = Debug|Any CPU
		{CE1A5127-E319-41B6-A9BF-464A1F0BB38C}.Debug|Any CPU.Build.0 = Debug|Any CPU
		{CE1A5127-E319-41B6-A9BF-464A1F0BB38C}.Release|Any CPU.ActiveCfg = Release|Any CPU
		{CE1A5127-E319-41B6-A9BF-464A1F0BB38C}.Release|Any CPU.Build.0 = Release|Any CPU
		{7E4CB5C3-2043-418A-B3E1-ADD8AB6A5CDF}.Debug|Any CPU.ActiveCfg = Debug|Any CPU
		{7E4CB5C3-2043-418A-B3E1-ADD8AB6A5CDF}.Debug|Any CPU.Build.0 = Debug|Any CPU
		{7E4CB5C3-2043-418A-B3E1-ADD8AB6A5CDF}.Release|Any CPU.ActiveCfg = Release|Any CPU
		{7E4CB5C3-2043-418A-B3E1-ADD8AB6A5CDF}.Release|Any CPU.Build.0 = Release|Any CPU
		{8FD335E5-AE41-420F-B121-C14C7D219135}.Debug|Any CPU.ActiveCfg = Debug|Any CPU
		{8FD335E5-AE41-420F-B121-C14C7D219135}.Debug|Any CPU.Build.0 = Debug|Any CPU
		{8FD335E5-AE41-420F-B121-C14C7D219135}.Release|Any CPU.ActiveCfg = Release|Any CPU
		{8FD335E5-AE41-420F-B121-C14C7D219135}.Release|Any CPU.Build.0 = Release|Any CPU
		{B24B1BD6-D514-40CA-8A5C-B3F7AA05A71A}.Debug|Any CPU.ActiveCfg = Debug|Any CPU
		{B24B1BD6-D514-40CA-8A5C-B3F7AA05A71A}.Debug|Any CPU.Build.0 = Debug|Any CPU
		{B24B1BD6-D514-40CA-8A5C-B3F7AA05A71A}.Release|Any CPU.ActiveCfg = Release|Any CPU
		{B24B1BD6-D514-40CA-8A5C-B3F7AA05A71A}.Release|Any CPU.Build.0 = Release|Any CPU
		{A09A5B02-5260-48B6-B47F-9F851C3D6AA2}.Debug|Any CPU.ActiveCfg = Debug|Any CPU
		{A09A5B02-5260-48B6-B47F-9F851C3D6AA2}.Debug|Any CPU.Build.0 = Debug|Any CPU
		{A09A5B02-5260-48B6-B47F-9F851C3D6AA2}.Release|Any CPU.ActiveCfg = Release|Any CPU
		{A09A5B02-5260-48B6-B47F-9F851C3D6AA2}.Release|Any CPU.Build.0 = Release|Any CPU
		{55D256A3-2783-4229-A80C-502AE01602B4}.Debug|Any CPU.ActiveCfg = Debug|Any CPU
		{55D256A3-2783-4229-A80C-502AE01602B4}.Debug|Any CPU.Build.0 = Debug|Any CPU
		{55D256A3-2783-4229-A80C-502AE01602B4}.Release|Any CPU.ActiveCfg = Release|Any CPU
		{55D256A3-2783-4229-A80C-502AE01602B4}.Release|Any CPU.Build.0 = Release|Any CPU
		{6C9BBBFA-4C74-4E3C-87BE-03A42AF2AC34}.Debug|Any CPU.ActiveCfg = Debug|Any CPU
		{6C9BBBFA-4C74-4E3C-87BE-03A42AF2AC34}.Debug|Any CPU.Build.0 = Debug|Any CPU
		{6C9BBBFA-4C74-4E3C-87BE-03A42AF2AC34}.Release|Any CPU.ActiveCfg = Release|Any CPU
		{6C9BBBFA-4C74-4E3C-87BE-03A42AF2AC34}.Release|Any CPU.Build.0 = Release|Any CPU
		{D34F6BBB-B6DF-47D4-B797-78838164DAD3}.Debug|Any CPU.ActiveCfg = Debug|Any CPU
		{D34F6BBB-B6DF-47D4-B797-78838164DAD3}.Debug|Any CPU.Build.0 = Debug|Any CPU
		{D34F6BBB-B6DF-47D4-B797-78838164DAD3}.Release|Any CPU.ActiveCfg = Release|Any CPU
		{D34F6BBB-B6DF-47D4-B797-78838164DAD3}.Release|Any CPU.Build.0 = Release|Any CPU
	EndGlobalSection
	GlobalSection(SolutionProperties) = preSolution
		HideSolutionNode = FALSE
	EndGlobalSection
	GlobalSection(NestedProjects) = preSolution
		{E73473B8-3049-4B56-97A5-102E25AFE1C5} = {B00B383E-FC2D-43E2-87E2-B2A102717A7D}
		{CE1A5127-E319-41B6-A9BF-464A1F0BB38C} = {46F1EEB5-808A-481C-9CEF-82549FF02D5D}
		{7E4CB5C3-2043-418A-B3E1-ADD8AB6A5CDF} = {46F1EEB5-808A-481C-9CEF-82549FF02D5D}
		{8FD335E5-AE41-420F-B121-C14C7D219135} = {46F1EEB5-808A-481C-9CEF-82549FF02D5D}
		{B24B1BD6-D514-40CA-8A5C-B3F7AA05A71A} = {46F1EEB5-808A-481C-9CEF-82549FF02D5D}
		{A09A5B02-5260-48B6-B47F-9F851C3D6AA2} = {46F1EEB5-808A-481C-9CEF-82549FF02D5D}
		{55D256A3-2783-4229-A80C-502AE01602B4} = {587E9E16-F512-4709-A1AC-576FC79C4472}
		{6C9BBBFA-4C74-4E3C-87BE-03A42AF2AC34} = {587E9E16-F512-4709-A1AC-576FC79C4472}
		{D34F6BBB-B6DF-47D4-B797-78838164DAD3} = {587E9E16-F512-4709-A1AC-576FC79C4472}
	EndGlobalSection
	GlobalSection(ExtensibilityGlobals) = postSolution
		SolutionGuid = {AB81CE38-07E3-4E12-8E4E-22BA59DD656E}
	EndGlobalSection
EndGlobal
